
Microsoft Visual Studio Solution File, Format Version 12.00
# Visual Studio Version 17
VisualStudioVersion = 17.9.34723.18
MinimumVisualStudioVersion = 10.0.40219.1
Project("{FAE04EC0-301F-11D3-BF4B-00C04F79EFBC}") = "StudentManagement", "StudentManagement\StudentManagement.csproj", "{B3568002-DDDF-4469-96CA-FA5199B63256}"
EndProject
Project("{FAE04EC0-301F-11D3-BF4B-00C04F79EFBC}") = "DataAccessLayer", "DataAccessLayer\DataAccessLayer.csproj", "{79208C29-A69A-47CE-9378-68EE802087C9}"
EndProject
Project("{FAE04EC0-301F-11D3-BF4B-00C04F79EFBC}") = "BusinessLogicLayer", "BusinessLogicLayer\BusinessLogicLayer.csproj", "{7CC92927-593C-48C1-B1A8-3E3EEB277D09}"
EndProject
Global
	GlobalSection(SolutionConfigurationPlatforms) = preSolution
		Debug|Any CPU = Debug|Any CPU
		Release|Any CPU = Release|Any CPU
	EndGlobalSection
	GlobalSection(ProjectConfigurationPlatforms) = postSolution
		{B3568002-DDDF-4469-96CA-FA5199B63256}.Debug|Any CPU.ActiveCfg = Debug|Any CPU
		{B3568002-DDDF-4469-96CA-FA5199B63256}.Debug|Any CPU.Build.0 = Debug|Any CPU
		{B3568002-DDDF-4469-96CA-FA5199B63256}.Release|Any CPU.ActiveCfg = Release|Any CPU
		{B3568002-DDDF-4469-96CA-FA5199B63256}.Release|Any CPU.Build.0 = Release|Any CPU
		{79208C29-A69A-47CE-9378-68EE802087C9}.Debug|Any CPU.ActiveCfg = Debug|Any CPU
		{79208C29-A69A-47CE-9378-68EE802087C9}.Debug|Any CPU.Build.0 = Debug|Any CPU
		{79208C29-A69A-47CE-9378-68EE802087C9}.Release|Any CPU.ActiveCfg = Release|Any CPU
		{79208C29-A69A-47CE-9378-68EE802087C9}.Release|Any CPU.Build.0 = Release|Any CPU
		{7CC92927-593C-48C1-B1A8-3E3EEB277D09}.Debug|Any CPU.ActiveCfg = Debug|Any CPU
		{7CC92927-593C-48C1-B1A8-3E3EEB277D09}.Debug|Any CPU.Build.0 = Debug|Any CPU
		{7CC92927-593C-48C1-B1A8-3E3EEB277D09}.Release|Any CPU.ActiveCfg = Release|Any CPU
		{7CC92927-593C-48C1-B1A8-3E3EEB277D09}.Release|Any CPU.Build.0 = Release|Any CPU
	EndGlobalSection
	GlobalSection(SolutionProperties) = preSolution
		HideSolutionNode = FALSE
	EndGlobalSection
	GlobalSection(ExtensibilityGlobals) = postSolution
		SolutionGuid = {58D9D7E3-4B0B-4712-B9C0-C24AD417E24D}
	EndGlobalSection
EndGlobal
